PODS:
  - connectivity (0.0.1):
    - Flutter
    - Reachability
  - Flutter (1.0.0)
  - flutter_speech (0.0.1):
    - Flutter
  - image_picker (0.0.1):
    - Flutter
  - multicast_lock (0.0.1):
    - Flutter
  - path_provider (0.0.1):
    - Flutter
  - Reachability (3.2)

DEPENDENCIES:
  - connectivity (from `.symlinks/plugins/connectivity/ios`)
  - Flutter (from `.symlinks/flutter/ios`)
  - flutter_speech (from `.symlinks/plugins/flutter_speech/ios`)
  - image_picker (from `.symlinks/plugins/image_picker/ios`)
  - multicast_lock (from `.symlinks/plugins/multicast_lock/ios`)
  - path_provider (from `.symlinks/plugins/path_provider/ios`)

SPEC REPOS:
  https://github.com/cocoapods/specs.git:
    - Reachability

EXTERNAL SOURCES:
  connectivity:
    :path: ".symlinks/plugins/connectivity/ios"
  Flutter:
    :path: ".symlinks/flutter/ios"
  flutter_speech:
    :path: ".symlinks/plugins/flutter_speech/ios"
  image_picker:
    :path: ".symlinks/plugins/image_picker/ios"
  multicast_lock:
    :path: ".symlinks/plugins/multicast_lock/ios"
  path_provider:
    :path: ".symlinks/plugins/path_provider/ios"

SPEC CHECKSUMS:
  connectivity: c72716e202a1225ec4810740d5cb56b8ae3bf4cc
  Flutter: 0e3d915762c693b495b44d77113d4970485de6ec
  flutter_speech: dfa314b1f47e8e680a029c3705b3de22ddfceaf1
  image_picker: 16e5fec1fbc87fd3b297c53e4048521eaf17cd06
  multicast_lock: f49c108bd10d66af4ea6f4f5a8273315fa0999e4
  path_provider: f96fff6166a8867510d2c25fdcc346327cc4b259
  Reachability: 33e18b67625424e47b6cde6d202dce689ad7af96

PODFILE CHECKSUM: aff02bfeed411c636180d6812254b2daeea14d09

COCOAPODS: 1.6.0
