PODS:
  - flutter_speech (0.0.1):
    - FlutterMacOS
  - FlutterMacOS (1.0.0)
  - path_provider_fde (0.0.1):
    - FlutterMacOS

DEPENDENCIES:
  - flutter_speech (from `Flutter/ephemeral/.symlinks/plugins/flutter_speech/macos`)
  - FlutterMacOS (from `Flutter/ephemeral/.symlinks/flutter/darwin-x64-release`)
  - path_provider_fde (from `Flutter/ephemeral/.symlinks/plugins/path_provider_fde/macos`)

EXTERNAL SOURCES:
  flutter_speech:
    :path: Flutter/ephemeral/.symlinks/plugins/flutter_speech/macos
  FlutterMacOS:
    :path: Flutter/ephemeral/.symlinks/flutter/darwin-x64-release
  path_provider_fde:
    :path: Flutter/ephemeral/.symlinks/plugins/path_provider_fde/macos

SPEC CHECKSUMS:
  flutter_speech: 5ef621aa91ebefe17ec7a585b3e2032c230b275f
  FlutterMacOS: 15bea8a44d2fa024068daa0140371c020b4b6ff9
  path_provider_fde: ac05eee380688ce8414a9003c3ac2d3c106dcbf8

PODFILE CHECKSUM: 6c7be2b96e82ad41ea9d0c855310c1116ff9a47a

COCOAPODS: 1.6.0
